<?xml version="1.0" encoding="utf-8"?>
<Project ToolsVersion="4.0" xmlns="http://schemas.microsoft.com/developer/msbuild/2003">
  <ItemGroup>
    <Filter Include="Source Files">
      <UniqueIdentifier>{4FC737F1-C7A5-4376-A066-2A32D752A2FF}</UniqueIdentifier>
      <Extensions>cpp;c;cc;cxx;def;odl;idl;hpj;bat;asm;asmx</Extensions>
    </Filter>
    <Filter Include="Header Files">
      <UniqueIdentifier>{93995380-89BD-4b04-88EB-625FBE52EBFB}</UniqueIdentifier>
      <Extensions>h;hpp;hxx;hm;inl;inc;xsd</Extensions>
    </Filter>
    <Filter Include="Resource Files">
      <UniqueIdentifier>{67DA6AB6-F800-4c08-8B7A-83BB121AAD01}</UniqueIdentifier>
      <Extensions>rc;ico;cur;bmp;dlg;rc2;rct;bin;rgs;gif;jpg;jpeg;jpe;resx;tiff;tif;png;wav</Extensions>
    </Filter>
  </ItemGroup>
  <ItemGroup>
    <ClCompile Include="impl\charstream.cpp">
      <Filter>Source Files</Filter>
    </ClCompile>
    <ClCompile Include="impl\httpheader.cpp">
      <Filter>Source Files</Filter>
    </ClCompile>
    <ClCompile Include="impl\main.cpp">
      <Filter>Source Files</Filter>
    </ClCompile>
    <ClCompile Include="impl\method.cpp">
      <Filter>Source Files</Filter>
    </ClCompile>
    <ClCompile Include="impl\methodbuilder.cpp">
      <Filter>Source Files</Filter>
    </ClCompile>
    <ClCompile Include="impl\objserver.cpp">
      <Filter>Source Files</Filter>
    </ClCompile>
    <ClCompile Include="impl\rpcagent.cpp">
      <Filter>Source Files</Filter>
    </ClCompile>
    <ClCompile Include="impl\rpcserver.cpp">
      <Filter>Source Files</Filter>
    </ClCompile>
    <ClCompile Include="impl\xml.cpp">
      <Filter>Source Files</Filter>
    </ClCompile>
    <ClCompile Include="impl\clientsocket_win.cpp">
      <Filter>Source Files</Filter>
    </ClCompile>
    <ClCompile Include="impl\serversocket_win.cpp">
      <Filter>Source Files</Filter>
    </ClCompile>
    <ClCompile Include="impl\thread_win.cpp">
      <Filter>Source Files</Filter>
    </ClCompile>
    <ClCompile Include="impl\testserverobjects.cpp">
      <Filter>Source Files</Filter>
    </ClCompile>
    <ClCompile Include="impl\methodparameter.cpp">
      <Filter>Source Files</Filter>
    </ClCompile>
  </ItemGroup>
  <ItemGroup>
    <ClInclude Include="include\charstream.h">
      <Filter>Header Files</Filter>
    </ClInclude>
    <ClInclude Include="include\httpheader.h">
      <Filter>Header Files</Filter>
    </ClInclude>
    <ClInclude Include="include\method.h">
      <Filter>Header Files</Filter>
    </ClInclude>
    <ClInclude Include="include\methodbuilder.h">
      <Filter>Header Files</Filter>
    </ClInclude>
    <ClInclude Include="include\objserver.h">
      <Filter>Header Files</Filter>
    </ClInclude>
    <ClInclude Include="include\rpcagent.h">
      <Filter>Header Files</Filter>
    </ClInclude>
    <ClInclude Include="include\rpcserver.h">
      <Filter>Header Files</Filter>
    </ClInclude>
    <ClInclude Include="include\util.h">
      <Filter>Header Files</Filter>
    </ClInclude>
    <ClInclude Include="include\windows_defs.h">
      <Filter>Header Files</Filter>
    </ClInclude>
    <ClInclude Include="include\xml.h">
      <Filter>Header Files</Filter>
    </ClInclude>
    <ClInclude Include="include\thread.h">
      <Filter>Header Files</Filter>
    </ClInclude>
    <ClInclude Include="include\serversocket.h">
      <Filter>Header Files</Filter>
    </ClInclude>
    <ClInclude Include="include\clientsocket.h">
      <Filter>Header Files</Filter>
    </ClInclude>
    <ClInclude Include="include\testserverobjects.h">
      <Filter>Header Files</Filter>
    </ClInclude>
    <ClInclude Include="include\memberfunction.h">
      <Filter>Header Files</Filter>
    </ClInclude>
    <ClInclude Include="include\methodparameter.h">
      <Filter>Header Files</Filter>
    </ClInclude>
  </ItemGroup>
  <ItemGroup>
    <None Include="ReadMe.txt" />
  </ItemGroup>
</Project>